
Microsoft Visual Studio Solution File, Format Version 12.00
# Visual Studio Version 17
VisualStudioVersion = 17.1.31911.260
MinimumVisualStudioVersion = 10.0.40219.1
Project("{9A19103F-16F7-4668-BE54-9A1E7A4F7556}") = "BoardGameNerd.Server", "BoardGameNerd.Server\BoardGameNerd.Server.csproj", "{772A77F0-0057-4554-9603-117045DD99D4}"
EndProject
Project("{9A19103F-16F7-4668-BE54-9A1E7A4F7556}") = "BoardGameNerd.Client", "BoardGameNerd.Client\BoardGameNerd.Client.csproj", "{AA62073C-FD84-4D70-ABC2-873310D61B4F}"
EndProject
Project("{9A19103F-16F7-4668-BE54-9A1E7A4F7556}") = "BoardGameNerd.Shared", "BoardGameNerd.Shared\BoardGameNerd.Shared.csproj", "{1E69A876-65A8-42F3-BA2C-8D26B281DDD0}"
EndProject
Global
	GlobalSection(SolutionConfigurationPlatforms) = preSolution
		Debug|Any CPU = Debug|Any CPU
		Release|Any CPU = Release|Any CPU
	EndGlobalSection
	GlobalSection(ProjectConfigurationPlatforms) = postSolution
		{772A77F0-0057-4554-9603-117045DD99D4}.Debug|Any CPU.ActiveCfg = Debug|Any CPU
		{772A77F0-0057-4554-9603-117045DD99D4}.Debug|Any CPU.Build.0 = Debug|Any CPU
		{772A77F0-0057-4554-9603-117045DD99D4}.Release|Any CPU.ActiveCfg = Release|Any CPU
		{772A77F0-0057-4554-9603-117045DD99D4}.Release|Any CPU.Build.0 = Release|Any CPU
		{AA62073C-FD84-4D70-ABC2-873310D61B4F}.Debug|Any CPU.ActiveCfg = Debug|Any CPU
		{AA62073C-FD84-4D70-ABC2-873310D61B4F}.Debug|Any CPU.Build.0 = Debug|Any CPU
		{AA62073C-FD84-4D70-ABC2-873310D61B4F}.Release|Any CPU.ActiveCfg = Release|Any CPU
		{AA62073C-FD84-4D70-ABC2-873310D61B4F}.Release|Any CPU.Build.0 = Release|Any CPU
		{1E69A876-65A8-42F3-BA2C-8D26B281DDD0}.Debug|Any CPU.ActiveCfg = Debug|Any CPU
		{1E69A876-65A8-42F3-BA2C-8D26B281DDD0}.Debug|Any CPU.Build.0 = Debug|Any CPU
		{1E69A876-65A8-42F3-BA2C-8D26B281DDD0}.Release|Any CPU.ActiveCfg = Release|Any CPU
		{1E69A876-65A8-42F3-BA2C-8D26B281DDD0}.Release|Any CPU.Build.0 = Release|Any CPU
	EndGlobalSection
	GlobalSection(SolutionProperties) = preSolution
		HideSolutionNode = FALSE
	EndGlobalSection
	GlobalSection(ExtensibilityGlobals) = postSolution
		SolutionGuid = {64BB6D06-D891-4689-A08A-8A8C8F3D2512}
	EndGlobalSection
EndGlobal
